
Microsoft Visual Studio Solution File, Format Version 12.00
# Visual Studio 2013
VisualStudioVersion = 12.0.31101.0
MinimumVisualStudioVersion = 10.0.40219.1
Project("{FAE04EC0-301F-11D3-BF4B-00C04F79EFBC}") = "PortalConfigurator", "PortalConfigurator.Engine\PortalConfigurator.csproj", "{967B8941-B1A0-4296-AAB1-870F6B4E8A99}"
EndProject
Project("{FAE04EC0-301F-11D3-BF4B-00C04F79EFBC}") = "Framework", "PortalConfigurator.Framework\Framework.csproj", "{1DEBAEE2-B1AD-4128-A572-D2E3F2950A99}"
EndProject
Project("{FAE04EC0-301F-11D3-BF4B-00C04F79EFBC}") = "Tests", "PortalConfigurator.Tests\Tests.csproj", "{3E13FAC3-2B67-4564-8614-9FEFDFB1ECBE}"
EndProject
Global
	GlobalSection(SolutionConfigurationPlatforms) = preSolution
		Debug|Any CPU = Debug|Any CPU
		Release|Any CPU = Release|Any CPU
	EndGlobalSection
	GlobalSection(ProjectConfigurationPlatforms) = postSolution
		{967B8941-B1A0-4296-AAB1-870F6B4E8A99}.Debug|Any CPU.ActiveCfg = Debug|Any CPU
		{967B8941-B1A0-4296-AAB1-870F6B4E8A99}.Debug|Any CPU.Build.0 = Debug|Any CPU
		{967B8941-B1A0-4296-AAB1-870F6B4E8A99}.Release|Any CPU.ActiveCfg = Release|Any CPU
		{967B8941-B1A0-4296-AAB1-870F6B4E8A99}.Release|Any CPU.Build.0 = Release|Any CPU
		{1DEBAEE2-B1AD-4128-A572-D2E3F2950A99}.Debug|Any CPU.ActiveCfg = Debug|Any CPU
		{1DEBAEE2-B1AD-4128-A572-D2E3F2950A99}.Debug|Any CPU.Build.0 = Debug|Any CPU
		{1DEBAEE2-B1AD-4128-A572-D2E3F2950A99}.Release|Any CPU.ActiveCfg = Release|Any CPU
		{1DEBAEE2-B1AD-4128-A572-D2E3F2950A99}.Release|Any CPU.Build.0 = Release|Any CPU
		{3E13FAC3-2B67-4564-8614-9FEFDFB1ECBE}.Debug|Any CPU.ActiveCfg = Debug|Any CPU
		{3E13FAC3-2B67-4564-8614-9FEFDFB1ECBE}.Debug|Any CPU.Build.0 = Debug|Any CPU
		{3E13FAC3-2B67-4564-8614-9FEFDFB1ECBE}.Release|Any CPU.ActiveCfg = Release|Any CPU
		{3E13FAC3-2B67-4564-8614-9FEFDFB1ECBE}.Release|Any CPU.Build.0 = Release|Any CPU
	EndGlobalSection
	GlobalSection(SolutionProperties) = preSolution
		HideSolutionNode = FALSE
	EndGlobalSection
EndGlobal
